
Microsoft Visual Studio Solution File, Format Version 12.00
# Visual Studio Version 17
VisualStudioVersion = 17.9.34714.143
MinimumVisualStudioVersion = 10.0.40219.1
Project("{FAE04EC0-301F-11D3-BF4B-00C04F79EFBC}") = "P3R.Gameplay.Reloaded", "P3R.Gameplay.Reloaded\P3R.Gameplay.Reloaded.csproj", "{682A82F4-C28D-41FE-AD2C-51AB1D16F626}"
EndProject
Global
	GlobalSection(SolutionConfigurationPlatforms) = preSolution
		Debug|Any CPU = Debug|Any CPU
		Release|Any CPU = Release|Any CPU
	EndGlobalSection
	GlobalSection(ProjectConfigurationPlatforms) = postSolution
		{682A82F4-C28D-41FE-AD2C-51AB1D16F626}.Debug|Any CPU.ActiveCfg = Debug|Any CPU
		{682A82F4-C28D-41FE-AD2C-51AB1D16F626}.Debug|Any CPU.Build.0 = Debug|Any CPU
		{682A82F4-C28D-41FE-AD2C-51AB1D16F626}.Release|Any CPU.ActiveCfg = Release|Any CPU
		{682A82F4-C28D-41FE-AD2C-51AB1D16F626}.Release|Any CPU.Build.0 = Release|Any CPU
	EndGlobalSection
	GlobalSection(SolutionProperties) = preSolution
		HideSolutionNode = FALSE
	EndGlobalSection
	GlobalSection(ExtensibilityGlobals) = postSolution
		SolutionGuid = {D198897B-D0F1-4EF9-B611-1C1B65EEDFC1}
	EndGlobalSection
EndGlobal
